
Microsoft Visual Studio Solution File, Format Version 12.00
# Visual Studio Version 17
VisualStudioVersion = 17.4.33122.133
MinimumVisualStudioVersion = 10.0.40219.1
Project("{FAE04EC0-301F-11D3-BF4B-00C04F79EFBC}") = "Day3B-PracticeProblem", "Day3B-PracticeProblem.csproj", "{475EE526-D2E5-4F8B-8FA1-13838F622100}"
EndProject
Global
	GlobalSection(SolutionConfigurationPlatforms) = preSolution
		Debug|Any CPU = Debug|Any CPU
		Release|Any CPU = Release|Any CPU
	EndGlobalSection
	GlobalSection(ProjectConfigurationPlatforms) = postSolution
		{475EE526-D2E5-4F8B-8FA1-13838F622100}.Debug|Any CPU.ActiveCfg = Debug|Any CPU
		{475EE526-D2E5-4F8B-8FA1-13838F622100}.Debug|Any CPU.Build.0 = Debug|Any CPU
		{475EE526-D2E5-4F8B-8FA1-13838F622100}.Release|Any CPU.ActiveCfg = Release|Any CPU
		{475EE526-D2E5-4F8B-8FA1-13838F622100}.Release|Any CPU.Build.0 = Release|Any CPU
	EndGlobalSection
	GlobalSection(SolutionProperties) = preSolution
		HideSolutionNode = FALSE
	EndGlobalSection
	GlobalSection(ExtensibilityGlobals) = postSolution
		SolutionGuid = {58FB8346-D9CA-4984-8945-341283859D1B}
	EndGlobalSection
EndGlobal
